{
  "name": "jora-bench",
  "version": "0.1.0",
  "lockfileVersion": 1,
  "requires": true,
  "dependencies": {
    "JSONSelect": {
      "version": "0.4.0",
      "resolved": "https://registry.npmjs.org/JSONSelect/-/JSONSelect-0.4.0.tgz",
      "integrity": "sha1-oI7cxn6z/L6Z7WMIVTRKDPKCu40="
    },
    "JSV": {
      "version": "4.0.2",
      "resolved": "https://registry.npmjs.org/JSV/-/JSV-4.0.2.tgz",
      "integrity": "sha1-0Hf2glVx+CEy+d/67Vh7QCn+/1c="
    },
    "amdefine": {
      "version": "1.0.1",
      "resolved": "https://registry.npmjs.org/amdefine/-/amdefine-1.0.1.tgz",
      "integrity": "sha1-SlKCrBZHKek2Gbz9OtFR+BfOkfU=",
      "optional": true
    },
    "benchmark": {
      "version": "2.1.4",
      "resolved": "https://registry.npmjs.org/benchmark/-/benchmark-2.1.4.tgz",
      "integrity": "sha1-CfPeMckWQl1JjMLuVloOvzwqVik=",
      "requires": {
        "lodash": "^4.17.4",
        "platform": "^1.3.3"
      }
    },
    "cjson": {
      "version": "0.3.0",
      "resolved": "https://registry.npmjs.org/cjson/-/cjson-0.3.0.tgz",
      "integrity": "sha1-5kObkHA9MS/24iJAl76pLOPQKhQ=",
      "requires": {
        "jsonlint": "1.6.0"
      }
    },
    "colors": {
      "version": "0.5.1",
      "resolved": "https://registry.npmjs.org/colors/-/colors-0.5.1.tgz",
      "integrity": "sha1-fQAj6usVTo7p/Oddy5I9DtFmd3Q="
    },
    "ebnf-parser": {
      "version": "0.1.10",
      "resolved": "https://registry.npmjs.org/ebnf-parser/-/ebnf-parser-0.1.10.tgz",
      "integrity": "sha1-zR9rpHfFY4xAyX7ZtXLbW6tdgzE="
    },
    "escodegen": {
      "version": "1.3.3",
      "resolved": "https://registry.npmjs.org/escodegen/-/escodegen-1.3.3.tgz",
      "integrity": "sha1-8CQBb1qI4Eb9EgBQVek5gC5sXyM=",
      "requires": {
        "esprima": "~1.1.1",
        "estraverse": "~1.5.0",
        "esutils": "~1.0.0",
        "source-map": "~0.1.33"
      }
    },
    "esprima": {
      "version": "1.1.1",
      "resolved": "https://registry.npmjs.org/esprima/-/esprima-1.1.1.tgz",
      "integrity": "sha1-W28VR/TRAuZw4UDFCb5ncdautUk="
    },
    "estraverse": {
      "version": "1.5.1",
      "resolved": "https://registry.npmjs.org/estraverse/-/estraverse-1.5.1.tgz",
      "integrity": "sha1-hno+jlip+EYYr7bC3bzZFrfLr3E="
    },
    "esutils": {
      "version": "1.0.0",
      "resolved": "https://registry.npmjs.org/esutils/-/esutils-1.0.0.tgz",
      "integrity": "sha1-gVHTWOIMisx/t0XnRywAJf5JZXA="
    },
    "jison": {
      "version": "0.4.18",
      "resolved": "https://registry.npmjs.org/jison/-/jison-0.4.18.tgz",
      "integrity": "sha512-FKkCiJvozgC7VTHhMJ00a0/IApSxhlGsFIshLW6trWJ8ONX2TQJBBz6DlcO1Gffy4w9LT+uL+PA+CVnUSJMF7w==",
      "requires": {
        "JSONSelect": "0.4.0",
        "cjson": "0.3.0",
        "ebnf-parser": "0.1.10",
        "escodegen": "1.3.x",
        "esprima": "1.1.x",
        "jison-lex": "0.3.x",
        "lex-parser": "~0.1.3",
        "nomnom": "1.5.2"
      }
    },
    "jison-lex": {
      "version": "0.3.4",
      "resolved": "https://registry.npmjs.org/jison-lex/-/jison-lex-0.3.4.tgz",
      "integrity": "sha1-gcoo2E+ESZ36jFlNzePYo/Jux6U=",
      "requires": {
        "lex-parser": "0.1.x",
        "nomnom": "1.5.2"
      }
    },
    "jora-1.0.0-alpha.10": {
      "version": "npm:jora@1.0.0-alpha.10",
      "resolved": "https://registry.npmjs.org/jora/-/jora-1.0.0-alpha.10.tgz",
      "integrity": "sha512-dHB1JFmJpR6vOfoGG0En4EN9ftANBVQb56p4HWxF5Gj/mWLRa8wpj6+xrJRi/Kppnx+T1WEr1vdqkZORtNFnYw==",
      "requires": {
        "jison": "^0.4.18"
      }
    },
    "jora-1.0.0-alpha.5": {
      "version": "npm:jora@1.0.0-alpha.5",
      "resolved": "https://registry.npmjs.org/jora/-/jora-1.0.0-alpha.5.tgz",
      "integrity": "sha512-EHgNY3U04Tx7ssrkGKPDDU/4pJDv8wKStB4Bx+lXuhDkeQmoyRwmQWrd1VJA1zWhq2Qj/i5K3IQviucbnVXT6w==",
      "requires": {
        "jison": "^0.4.18"
      }
    },
    "jora-1.0.0-alpha.6": {
      "version": "npm:jora@1.0.0-alpha.6",
      "resolved": "https://registry.npmjs.org/jora/-/jora-1.0.0-alpha.6.tgz",
      "integrity": "sha512-/Q6LQ63lcFtowBDTXrtJ6docwj6ZJR3Cbhag5yxMpr41+zgG6r7Y7tvbot16u0tbvbkQvYIEnUuCEdH10QIMMA==",
      "requires": {
        "jison": "^0.4.18"
      }
    },
    "jora-1.0.0-alpha.7": {
      "version": "npm:jora@1.0.0-alpha.7",
      "resolved": "https://registry.npmjs.org/jora/-/jora-1.0.0-alpha.7.tgz",
      "integrity": "sha512-xu5JtW+BuLxi/mqZq6XRZYz5OOAktXdp7kAr1jXo4Wx4eDj3nNr0+crtxbg4SeDFqRQvN5r7uipqY5VwdiknjQ==",
      "requires": {
        "jison": "^0.4.18"
      }
    },
    "jora-1.0.0-alpha.8": {
      "version": "npm:jora@1.0.0-alpha.8",
      "resolved": "https://registry.npmjs.org/jora/-/jora-1.0.0-alpha.8.tgz",
      "integrity": "sha512-HoOCa6c6N8HUZEL/l4wQ8gssBErIiWxxlPvLUrbUMO7pOZ4vEPaezU6f1jO6GjHIJBGpNIXb2sbkC875PsWraQ==",
      "requires": {
        "jison": "^0.4.18"
      }
    },
    "jora-1.0.0-alpha.9": {
      "version": "npm:jora@1.0.0-alpha.9",
      "resolved": "https://registry.npmjs.org/jora/-/jora-1.0.0-alpha.9.tgz",
      "integrity": "sha512-dnI3iPR1wyWP5x+LraXaUFtMdppvkBHSCFaIeA2tRGegtV5+sgCe2qAZ2oxY5lPhYkxsWNohWA1HpZzOenRrcg==",
      "requires": {
        "jison": "^0.4.18"
      }
    },
    "jsonlint": {
      "version": "1.6.0",
      "resolved": "https://registry.npmjs.org/jsonlint/-/jsonlint-1.6.0.tgz",
      "integrity": "sha1-iKpGvCiaesk7tGyuLVihh6m7SUo=",
      "requires": {
        "JSV": ">= 4.0.x",
        "nomnom": ">= 1.5.x"
      }
    },
    "lex-parser": {
      "version": "0.1.4",
      "resolved": "https://registry.npmjs.org/lex-parser/-/lex-parser-0.1.4.tgz",
      "integrity": "sha1-ZMTwJfF/1Tv7RXY/rrFvAVp0dVA="
    },
    "lodash": {
      "version": "4.17.15",
      "resolved": "https://registry.npmjs.org/lodash/-/lodash-4.17.15.tgz",
      "integrity": "sha512-8xOcRHvCjnocdS5cpwXQXVzmmh5e5+saE2QGoeQmbKmRS6J3VQppPOIt0MnmE+4xlZoumy0GPG0D0MVIQbNA1A=="
    },
    "nomnom": {
      "version": "1.5.2",
      "resolved": "https://registry.npmjs.org/nomnom/-/nomnom-1.5.2.tgz",
      "integrity": "sha1-9DRUSKhTz71cDSYyDyR3qwUm/i8=",
      "requires": {
        "colors": "0.5.x",
        "underscore": "1.1.x"
      }
    },
    "platform": {
      "version": "1.3.5",
      "resolved": "https://registry.npmjs.org/platform/-/platform-1.3.5.tgz",
      "integrity": "sha512-TuvHS8AOIZNAlE77WUDiR4rySV/VMptyMfcfeoMgs4P8apaZM3JrnbzBiixKUv+XR6i+BXrQh8WAnjaSPFO65Q=="
    },
    "source-map": {
      "version": "0.1.43",
      "resolved": "https://registry.npmjs.org/source-map/-/source-map-0.1.43.tgz",
      "integrity": "sha1-wkvBRspRfBRx9drL4lcbK3+eM0Y=",
      "optional": true,
      "requires": {
        "amdefine": ">=0.0.4"
      }
    },
    "underscore": {
      "version": "1.1.7",
      "resolved": "https://registry.npmjs.org/underscore/-/underscore-1.1.7.tgz",
      "integrity": "sha1-QLq4S60Z0jAJbo1u9ii/8FXYPbA="
    }
  }
}
